
Microsoft Visual Studio Solution File, Format Version 12.00
# Visual Studio 15
VisualStudioVersion = 15.0.27703.2026
MinimumVisualStudioVersion = 10.0.40219.1
Project("{9A19103F-16F7-4668-BE54-9A1E7A4F7556}") = "SpyStore_HOL.MVC", "SpyStore_HOL.MVC\SpyStore_HOL.MVC.csproj", "{6E182507-84D3-45A4-836D-FF68D282D522}"
EndProject
Project("{9A19103F-16F7-4668-BE54-9A1E7A4F7556}") = "SpyStore_HOL.Models", "SpyStore_HOL.Models\SpyStore_HOL.Models.csproj", "{06CA36B0-7EC5-440C-B9CB-34B46EB9BFAF}"
EndProject
Project("{9A19103F-16F7-4668-BE54-9A1E7A4F7556}") = "SpyStore_HOL.DAL", "SpyStore_HOL.DAL\SpyStore_HOL.DAL.csproj", "{D249A6B6-3146-4510-83E0-FD56ADD76FC4}"
EndProject
Project("{9A19103F-16F7-4668-BE54-9A1E7A4F7556}") = "SpyStore_HOL.Tests", "SpyStore_HOL.Tests\SpyStore_HOL.Tests.csproj", "{96FD21AE-B68D-4794-86A3-FFEDF7BAC0E6}"
EndProject
Project("{2150E333-8FDC-42A3-9474-1A3956D46DE8}") = "SolutionItems", "SolutionItems", "{50F7B898-2022-49D4-97E4-9A176AF714E9}"
	ProjectSection(SolutionItems) = preProject
		Migrations.txt = Migrations.txt
	EndProjectSection
EndProject
Global
	GlobalSection(SolutionConfigurationPlatforms) = preSolution
		Debug|Any CPU = Debug|Any CPU
		Release|Any CPU = Release|Any CPU
	EndGlobalSection
	GlobalSection(ProjectConfigurationPlatforms) = postSolution
		{6E182507-84D3-45A4-836D-FF68D282D522}.Debug|Any CPU.ActiveCfg = Debug|Any CPU
		{6E182507-84D3-45A4-836D-FF68D282D522}.Debug|Any CPU.Build.0 = Debug|Any CPU
		{6E182507-84D3-45A4-836D-FF68D282D522}.Release|Any CPU.ActiveCfg = Release|Any CPU
		{6E182507-84D3-45A4-836D-FF68D282D522}.Release|Any CPU.Build.0 = Release|Any CPU
		{06CA36B0-7EC5-440C-B9CB-34B46EB9BFAF}.Debug|Any CPU.ActiveCfg = Debug|Any CPU
		{06CA36B0-7EC5-440C-B9CB-34B46EB9BFAF}.Debug|Any CPU.Build.0 = Debug|Any CPU
		{06CA36B0-7EC5-440C-B9CB-34B46EB9BFAF}.Release|Any CPU.ActiveCfg = Release|Any CPU
		{06CA36B0-7EC5-440C-B9CB-34B46EB9BFAF}.Release|Any CPU.Build.0 = Release|Any CPU
		{D249A6B6-3146-4510-83E0-FD56ADD76FC4}.Debug|Any CPU.ActiveCfg = Debug|Any CPU
		{D249A6B6-3146-4510-83E0-FD56ADD76FC4}.Debug|Any CPU.Build.0 = Debug|Any CPU
		{D249A6B6-3146-4510-83E0-FD56ADD76FC4}.Release|Any CPU.ActiveCfg = Release|Any CPU
		{D249A6B6-3146-4510-83E0-FD56ADD76FC4}.Release|Any CPU.Build.0 = Release|Any CPU
		{96FD21AE-B68D-4794-86A3-FFEDF7BAC0E6}.Debug|Any CPU.ActiveCfg = Debug|Any CPU
		{96FD21AE-B68D-4794-86A3-FFEDF7BAC0E6}.Debug|Any CPU.Build.0 = Debug|Any CPU
		{96FD21AE-B68D-4794-86A3-FFEDF7BAC0E6}.Release|Any CPU.ActiveCfg = Release|Any CPU
		{96FD21AE-B68D-4794-86A3-FFEDF7BAC0E6}.Release|Any CPU.Build.0 = Release|Any CPU
	EndGlobalSection
	GlobalSection(SolutionProperties) = preSolution
		HideSolutionNode = FALSE
	EndGlobalSection
	GlobalSection(ExtensibilityGlobals) = postSolution
		SolutionGuid = {11494AE0-E42F-4C93-B52B-CDEEE342E233}
	EndGlobalSection
EndGlobal
